
Microsoft Visual Studio Solution File, Format Version 12.00
# Visual Studio 2013
VisualStudioVersion = 12.0.21005.1
MinimumVisualStudioVersion = 10.0.40219.1
Project("{FAE04EC0-301F-11D3-BF4B-00C04F79EFBC}") = "Asterik_Program", "Asterik_Program\Asterik_Program.csproj", "{B558C549-8978-4F29-98EE-166BF9B7AECB}"
EndProject
Global
	GlobalSection(SolutionConfigurationPlatforms) = preSolution
		Debug|Any CPU = Debug|Any CPU
		Release|Any CPU = Release|Any CPU
	EndGlobalSection
	GlobalSection(ProjectConfigurationPlatforms) = postSolution
		{B558C549-8978-4F29-98EE-166BF9B7AECB}.Debug|Any CPU.ActiveCfg = Debug|Any CPU
		{B558C549-8978-4F29-98EE-166BF9B7AECB}.Debug|Any CPU.Build.0 = Debug|Any CPU
		{B558C549-8978-4F29-98EE-166BF9B7AECB}.Release|Any CPU.ActiveCfg = Release|Any CPU
		{B558C549-8978-4F29-98EE-166BF9B7AECB}.Release|Any CPU.Build.0 = Release|Any CPU
	EndGlobalSection
	GlobalSection(SolutionProperties) = preSolution
		HideSolutionNode = FALSE
	EndGlobalSection
EndGlobal
